// !$*UTF8*$!
{
	archiveVersion = 1;
	classes = {
	};
	objectVersion = 50;
	objects = {

/* Begin PBXBuildFile section */
		7F6CB1952299801C0044F90D /* AppDelegate.swift in Sources */ = {isa = PBXBuildFile; fileRef = 7F6CB1942299801C0044F90D /* AppDelegate.swift */; };
		7F6CB1972299801C0044F90D /* ViewController.swift in Sources */ = {isa = PBXBuildFile; fileRef = 7F6CB1962299801C0044F90D /* ViewController.swift */; };
		7F6CB1992299801D0044F90D /* Assets.xcassets in Resources */ = {isa = PBXBuildFile; fileRef = 7F6CB1982299801D0044F90D /* Assets.xcassets */; };
		7F6CB19C2299801D0044F90D /* Main.storyboard in Resources */ = {isa = PBXBuildFile; fileRef = 7F6CB19A2299801D0044F90D /* Main.storyboard */; };
		7F6CB1A52299B8E00044F90D /* GeneratedCodeViewController.swift in Sources */ = {isa = PBXBuildFile; fileRef = 7F6CB1A42299B8E00044F90D /* GeneratedCodeViewController.swift */; };
		7F6CB1CB2299BE3C0044F90D /* MustacheBox.swift in Sources */ = {isa = PBXBuildFile; fileRef = 7F6CB1A72299BE3C0044F90D /* MustacheBox.swift */; };
		7F6CB1CC2299BE3C0044F90D /* StandardLibrary.swift in Sources */ = {isa = PBXBuildFile; fileRef = 7F6CB1A82299BE3C0044F90D /* StandardLibrary.swift */; };
		7F6CB1CD2299BE3C0044F90D /* SectionTag.swift in Sources */ = {isa = PBXBuildFile; fileRef = 7F6CB1A92299BE3C0044F90D /* SectionTag.swift */; };
		7F6CB1CE2299BE3C0044F90D /* RenderingEngine.swift in Sources */ = {isa = PBXBuildFile; fileRef = 7F6CB1AA2299BE3C0044F90D /* RenderingEngine.swift */; };
		7F6CB1CF2299BE3C0044F90D /* Expression.swift in Sources */ = {isa = PBXBuildFile; fileRef = 7F6CB1AB2299BE3C0044F90D /* Expression.swift */; };
		7F6CB1D02299BE3C0044F90D /* Fixit-1.1.0.swift in Sources */ = {isa = PBXBuildFile; fileRef = 7F6CB1AC2299BE3C0044F90D /* Fixit-1.1.0.swift */; };
		7F6CB1D12299BE3C0044F90D /* LocatedTag.swift in Sources */ = {isa = PBXBuildFile; fileRef = 7F6CB1AD2299BE3C0044F90D /* LocatedTag.swift */; };
		7F6CB1D22299BE3C0044F90D /* TemplateCompiler.swift in Sources */ = {isa = PBXBuildFile; fileRef = 7F6CB1AE2299BE3C0044F90D /* TemplateCompiler.swift */; };
		7F6CB1D32299BE3C0044F90D /* HTMLEscapeHelper.swift in Sources */ = {isa = PBXBuildFile; fileRef = 7F6CB1AF2299BE3C0044F90D /* HTMLEscapeHelper.swift */; };
		7F6CB1D42299BE3C0044F90D /* Logger.swift in Sources */ = {isa = PBXBuildFile; fileRef = 7F6CB1B02299BE3C0044F90D /* Logger.swift */; };
		7F6CB1D52299BE3C0044F90D /* CoreFunctions.swift in Sources */ = {isa = PBXBuildFile; fileRef = 7F6CB1B12299BE3C0044F90D /* CoreFunctions.swift */; };
		7F6CB1D62299BE3C0044F90D /* TemplateToken.swift in Sources */ = {isa = PBXBuildFile; fileRef = 7F6CB1B22299BE3C0044F90D /* TemplateToken.swift */; };
		7F6CB1D72299BE3C0044F90D /* TemplateParser.swift in Sources */ = {isa = PBXBuildFile; fileRef = 7F6CB1B32299BE3C0044F90D /* TemplateParser.swift */; };
		7F6CB1D82299BE3C0044F90D /* Common.swift in Sources */ = {isa = PBXBuildFile; fileRef = 7F6CB1B42299BE3C0044F90D /* Common.swift */; };
		7F6CB1D92299BE3C0044F90D /* ZipFilter.swift in Sources */ = {isa = PBXBuildFile; fileRef = 7F6CB1B52299BE3C0044F90D /* ZipFilter.swift */; };
		7F6CB1DA2299BE3C0044F90D /* ExpressionInvocation.swift in Sources */ = {isa = PBXBuildFile; fileRef = 7F6CB1B62299BE3C0044F90D /* ExpressionInvocation.swift */; };
		7F6CB1DB2299BE3C0044F90D /* CoreGraphics.swift in Sources */ = {isa = PBXBuildFile; fileRef = 7F6CB1B72299BE3C0044F90D /* CoreGraphics.swift */; };
		7F6CB1DC2299BE3C0044F90D /* Template.swift in Sources */ = {isa = PBXBuildFile; fileRef = 7F6CB1B82299BE3C0044F90D /* Template.swift */; };
		7F6CB1DD2299BE3C0044F90D /* Box.swift in Sources */ = {isa = PBXBuildFile; fileRef = 7F6CB1B92299BE3C0044F90D /* Box.swift */; };
		7F6CB1DE2299BE3C0044F90D /* SwiftStandardLibrary.swift in Sources */ = {isa = PBXBuildFile; fileRef = 7F6CB1BA2299BE3C0044F90D /* SwiftStandardLibrary.swift */; };
		7F6CB1DF2299BE3C0044F90D /* Context.swift in Sources */ = {isa = PBXBuildFile; fileRef = 7F6CB1BB2299BE3C0044F90D /* Context.swift */; };
		7F6CB1E02299BE3C0044F90D /* Foundation.swift in Sources */ = {isa = PBXBuildFile; fileRef = 7F6CB1BC2299BE3C0044F90D /* Foundation.swift */; };
		7F6CB1E12299BE3C0044F90D /* Localizer.swift in Sources */ = {isa = PBXBuildFile; fileRef = 7F6CB1BD2299BE3C0044F90D /* Localizer.swift */; };
		7F6CB1E22299BE3C0044F90D /* EachFilter.swift in Sources */ = {isa = PBXBuildFile; fileRef = 7F6CB1BE2299BE3C0044F90D /* EachFilter.swift */; };
		7F6CB1E32299BE3C0044F90D /* URLEscapeHelper.swift in Sources */ = {isa = PBXBuildFile; fileRef = 7F6CB1BF2299BE3C0044F90D /* URLEscapeHelper.swift */; };
		7F6CB1E42299BE3C0044F90D /* TemplateASTNode.swift in Sources */ = {isa = PBXBuildFile; fileRef = 7F6CB1C02299BE3C0044F90D /* TemplateASTNode.swift */; };
		7F6CB1E52299BE3C0044F90D /* Formatter.swift in Sources */ = {isa = PBXBuildFile; fileRef = 7F6CB1C12299BE3C0044F90D /* Formatter.swift */; };
		7F6CB1E62299BE3C0044F90D /* ExpressionParser.swift in Sources */ = {isa = PBXBuildFile; fileRef = 7F6CB1C22299BE3C0044F90D /* ExpressionParser.swift */; };
		7F6CB1E72299BE3C0044F90D /* VariableTag.swift in Sources */ = {isa = PBXBuildFile; fileRef = 7F6CB1C32299BE3C0044F90D /* VariableTag.swift */; };
		7F6CB1E82299BE3C0044F90D /* ExpressionGenerator.swift in Sources */ = {isa = PBXBuildFile; fileRef = 7F6CB1C42299BE3C0044F90D /* ExpressionGenerator.swift */; };
		7F6CB1E92299BE3C0044F90D /* Tag.swift in Sources */ = {isa = PBXBuildFile; fileRef = 7F6CB1C52299BE3C0044F90D /* Tag.swift */; };
		7F6CB1EA2299BE3C0044F90D /* TemplateGenerator.swift in Sources */ = {isa = PBXBuildFile; fileRef = 7F6CB1C62299BE3C0044F90D /* TemplateGenerator.swift */; };
		7F6CB1EB2299BE3C0044F90D /* JavascriptEscapeHelper.swift in Sources */ = {isa = PBXBuildFile; fileRef = 7F6CB1C72299BE3C0044F90D /* JavascriptEscapeHelper.swift */; };
		7F6CB1EC2299BE3C0044F90D /* TemplateAST.swift in Sources */ = {isa = PBXBuildFile; fileRef = 7F6CB1C82299BE3C0044F90D /* TemplateAST.swift */; };
		7F6CB1ED2299BE3C0044F90D /* TemplateRepository.swift in Sources */ = {isa = PBXBuildFile; fileRef = 7F6CB1C92299BE3C0044F90D /* TemplateRepository.swift */; };
		7F6CB1EE2299BE3C0044F90D /* Configuration.swift in Sources */ = {isa = PBXBuildFile; fileRef = 7F6CB1CA2299BE3C0044F90D /* Configuration.swift */; };
		AB971A836870B5E68DF42458 /* Pods_CodeGeneratorForLanHu.framework in Frameworks */ = {isa = PBXBuildFile; fileRef = F132D39FA35F147B6D12960F /* Pods_CodeGeneratorForLanHu.framework */; };
/* End PBXBuildFile section */

/* Begin PBXFileReference section */
		0B2EAFD6F55548B0D70EE7D0 /* Pods-CodeGeneratorForLanHu.debug.xcconfig */ = {isa = PBXFileReference; includeInIndex = 1; lastKnownFileType = text.xcconfig; name = "Pods-CodeGeneratorForLanHu.debug.xcconfig"; path = "Pods/Target Support Files/Pods-CodeGeneratorForLanHu/Pods-CodeGeneratorForLanHu.debug.xcconfig"; sourceTree = "<group>"; };
		7F6CB1912299801C0044F90D /* CodeGeneratorForLanHu.app */ = {isa = PBXFileReference; explicitFileType = wrapper.application; includeInIndex = 0; path = CodeGeneratorForLanHu.app; sourceTree = BUILT_PRODUCTS_DIR; };
		7F6CB1942299801C0044F90D /* AppDelegate.swift */ = {isa = PBXFileReference; lastKnownFileType = sourcecode.swift; path = AppDelegate.swift; sourceTree = "<group>"; };
		7F6CB1962299801C0044F90D /* ViewController.swift */ = {isa = PBXFileReference; lastKnownFileType = sourcecode.swift; path = ViewController.swift; sourceTree = "<group>"; };
		7F6CB1982299801D0044F90D /* Assets.xcassets */ = {isa = PBXFileReference; lastKnownFileType = folder.assetcatalog; path = Assets.xcassets; sourceTree = "<group>"; };
		7F6CB19B2299801D0044F90D /* Base */ = {isa = PBXFileReference; lastKnownFileType = file.storyboard; name = Base; path = Base.lproj/Main.storyboard; sourceTree = "<group>"; };
		7F6CB19D2299801D0044F90D /* Info.plist */ = {isa = PBXFileReference; lastKnownFileType = text.plist.xml; path = Info.plist; sourceTree = "<group>"; };
		7F6CB19E2299801D0044F90D /* CodeGeneratorForLanHu.entitlements */ = {isa = PBXFileReference; lastKnownFileType = text.plist.entitlements; path = CodeGeneratorForLanHu.entitlements; sourceTree = "<group>"; };
		7F6CB1A42299B8E00044F90D /* GeneratedCodeViewController.swift */ = {isa = PBXFileReference; lastKnownFileType = sourcecode.swift; path = GeneratedCodeViewController.swift; sourceTree = "<group>"; };
		7F6CB1A72299BE3C0044F90D /* MustacheBox.swift */ = {isa = PBXFileReference; fileEncoding = 4; lastKnownFileType = sourcecode.swift; path = MustacheBox.swift; sourceTree = "<group>"; };
		7F6CB1A82299BE3C0044F90D /* StandardLibrary.swift */ = {isa = PBXFileReference; fileEncoding = 4; lastKnownFileType = sourcecode.swift; path = StandardLibrary.swift; sourceTree = "<group>"; };
		7F6CB1A92299BE3C0044F90D /* SectionTag.swift */ = {isa = PBXFileReference; fileEncoding = 4; lastKnownFileType = sourcecode.swift; path = SectionTag.swift; sourceTree = "<group>"; };
		7F6CB1AA2299BE3C0044F90D /* RenderingEngine.swift */ = {isa = PBXFileReference; fileEncoding = 4; lastKnownFileType = sourcecode.swift; path = RenderingEngine.swift; sourceTree = "<group>"; };
		7F6CB1AB2299BE3C0044F90D /* Expression.swift */ = {isa = PBXFileReference; fileEncoding = 4; lastKnownFileType = sourcecode.swift; path = Expression.swift; sourceTree = "<group>"; };
		7F6CB1AC2299BE3C0044F90D /* Fixit-1.1.0.swift */ = {isa = PBXFileReference; fileEncoding = 4; lastKnownFileType = sourcecode.swift; path = "Fixit-1.1.0.swift"; sourceTree = "<group>"; };
		7F6CB1AD2299BE3C0044F90D /* LocatedTag.swift */ = {isa = PBXFileReference; fileEncoding = 4; lastKnownFileType = sourcecode.swift; path = LocatedTag.swift; sourceTree = "<group>"; };
		7F6CB1AE2299BE3C0044F90D /* TemplateCompiler.swift */ = {isa = PBXFileReference; fileEncoding = 4; lastKnownFileType = sourcecode.swift; path = TemplateCompiler.swift; sourceTree = "<group>"; };
		7F6CB1AF2299BE3C0044F90D /* HTMLEscapeHelper.swift */ = {isa = PBXFileReference; fileEncoding = 4; lastKnownFileType = sourcecode.swift; path = HTMLEscapeHelper.swift; sourceTree = "<group>"; };
		7F6CB1B02299BE3C0044F90D /* Logger.swift */ = {isa = PBXFileReference; fileEncoding = 4; lastKnownFileType = sourcecode.swift; path = Logger.swift; sourceTree = "<group>"; };
		7F6CB1B12299BE3C0044F90D /* CoreFunctions.swift */ = {isa = PBXFileReference; fileEncoding = 4; lastKnownFileType = sourcecode.swift; path = CoreFunctions.swift; sourceTree = "<group>"; };
		7F6CB1B22299BE3C0044F90D /* TemplateToken.swift */ = {isa = PBXFileReference; fileEncoding = 4; lastKnownFileType = sourcecode.swift; path = TemplateToken.swift; sourceTree = "<group>"; };
		7F6CB1B32299BE3C0044F90D /* TemplateParser.swift */ = {isa = PBXFileReference; fileEncoding = 4; lastKnownFileType = sourcecode.swift; path = TemplateParser.swift; sourceTree = "<group>"; };
		7F6CB1B42299BE3C0044F90D /* Common.swift */ = {isa = PBXFileReference; fileEncoding = 4; lastKnownFileType = sourcecode.swift; path = Common.swift; sourceTree = "<group>"; };
		7F6CB1B52299BE3C0044F90D /* ZipFilter.swift */ = {isa = PBXFileReference; fileEncoding = 4; lastKnownFileType = sourcecode.swift; path = ZipFilter.swift; sourceTree = "<group>"; };
		7F6CB1B62299BE3C0044F90D /* ExpressionInvocation.swift */ = {isa = PBXFileReference; fileEncoding = 4; lastKnownFileType = sourcecode.swift; path = ExpressionInvocation.swift; sourceTree = "<group>"; };
		7F6CB1B72299BE3C0044F90D /* CoreGraphics.swift */ = {isa = PBXFileReference; fileEncoding = 4; lastKnownFileType = sourcecode.swift; path = CoreGraphics.swift; sourceTree = "<group>"; };
		7F6CB1B82299BE3C0044F90D /* Template.swift */ = {isa = PBXFileReference; fileEncoding = 4; lastKnownFileType = sourcecode.swift; path = Template.swift; sourceTree = "<group>"; };
		7F6CB1B92299BE3C0044F90D /* Box.swift */ = {isa = PBXFileReference; fileEncoding = 4; lastKnownFileType = sourcecode.swift; path = Box.swift; sourceTree = "<group>"; };
		7F6CB1BA2299BE3C0044F90D /* SwiftStandardLibrary.swift */ = {isa = PBXFileReference; fileEncoding = 4; lastKnownFileType = sourcecode.swift; path = SwiftStandardLibrary.swift; sourceTree = "<group>"; };
		7F6CB1BB2299BE3C0044F90D /* Context.swift */ = {isa = PBXFileReference; fileEncoding = 4; lastKnownFileType = sourcecode.swift; path = Context.swift; sourceTree = "<group>"; };
		7F6CB1BC2299BE3C0044F90D /* Foundation.swift */ = {isa = PBXFileReference; fileEncoding = 4; lastKnownFileType = sourcecode.swift; path = Foundation.swift; sourceTree = "<group>"; };
		7F6CB1BD2299BE3C0044F90D /* Localizer.swift */ = {isa = PBXFileReference; fileEncoding = 4; lastKnownFileType = sourcecode.swift; path = Localizer.swift; sourceTree = "<group>"; };
		7F6CB1BE2299BE3C0044F90D /* EachFilter.swift */ = {isa = PBXFileReference; fileEncoding = 4; lastKnownFileType = sourcecode.swift; path = EachFilter.swift; sourceTree = "<group>"; };
		7F6CB1BF2299BE3C0044F90D /* URLEscapeHelper.swift */ = {isa = PBXFileReference; fileEncoding = 4; lastKnownFileType = sourcecode.swift; path = URLEscapeHelper.swift; sourceTree = "<group>"; };
		7F6CB1C02299BE3C0044F90D /* TemplateASTNode.swift */ = {isa = PBXFileReference; fileEncoding = 4; lastKnownFileType = sourcecode.swift; path = TemplateASTNode.swift; sourceTree = "<group>"; };
		7F6CB1C12299BE3C0044F90D /* Formatter.swift */ = {isa = PBXFileReference; fileEncoding = 4; lastKnownFileType = sourcecode.swift; path = Formatter.swift; sourceTree = "<group>"; };
		7F6CB1C22299BE3C0044F90D /* ExpressionParser.swift */ = {isa = PBXFileReference; fileEncoding = 4; lastKnownFileType = sourcecode.swift; path = ExpressionParser.swift; sourceTree = "<group>"; };
		7F6CB1C32299BE3C0044F90D /* VariableTag.swift */ = {isa = PBXFileReference; fileEncoding = 4; lastKnownFileType = sourcecode.swift; path = VariableTag.swift; sourceTree = "<group>"; };
		7F6CB1C42299BE3C0044F90D /* ExpressionGenerator.swift */ = {isa = PBXFileReference; fileEncoding = 4; lastKnownFileType = sourcecode.swift; path = ExpressionGenerator.swift; sourceTree = "<group>"; };
		7F6CB1C52299BE3C0044F90D /* Tag.swift */ = {isa = PBXFileReference; fileEncoding = 4; lastKnownFileType = sourcecode.swift; path = Tag.swift; sourceTree = "<group>"; };
		7F6CB1C62299BE3C0044F90D /* TemplateGenerator.swift */ = {isa = PBXFileReference; fileEncoding = 4; lastKnownFileType = sourcecode.swift; path = TemplateGenerator.swift; sourceTree = "<group>"; };
		7F6CB1C72299BE3C0044F90D /* JavascriptEscapeHelper.swift */ = {isa = PBXFileReference; fileEncoding = 4; lastKnownFileType = sourcecode.swift; path = JavascriptEscapeHelper.swift; sourceTree = "<group>"; };
		7F6CB1C82299BE3C0044F90D /* TemplateAST.swift */ = {isa = PBXFileReference; fileEncoding = 4; lastKnownFileType = sourcecode.swift; path = TemplateAST.swift; sourceTree = "<group>"; };
		7F6CB1C92299BE3C0044F90D /* TemplateRepository.swift */ = {isa = PBXFileReference; fileEncoding = 4; lastKnownFileType = sourcecode.swift; path = TemplateRepository.swift; sourceTree = "<group>"; };
		7F6CB1CA2299BE3C0044F90D /* Configuration.swift */ = {isa = PBXFileReference; fileEncoding = 4; lastKnownFileType = sourcecode.swift; path = Configuration.swift; sourceTree = "<group>"; };
		F0E70810C50EBF32D1F99E4C /* Pods-CodeGeneratorForLanHu.release.xcconfig */ = {isa = PBXFileReference; includeInIndex = 1; lastKnownFileType = text.xcconfig; name = "Pods-CodeGeneratorForLanHu.release.xcconfig"; path = "Pods/Target Support Files/Pods-CodeGeneratorForLanHu/Pods-CodeGeneratorForLanHu.release.xcconfig"; sourceTree = "<group>"; };
		F132D39FA35F147B6D12960F /* Pods_CodeGeneratorForLanHu.framework */ = {isa = PBXFileReference; explicitFileType = wrapper.framework; includeInIndex = 0; path = Pods_CodeGeneratorForLanHu.framework; sourceTree = BUILT_PRODUCTS_DIR; };
/* End PBXFileReference section */

/* Begin PBXFrameworksBuildPhase section */
		7F6CB18E2299801C0044F90D /* Frameworks */ = {
			isa = PBXFrameworksBuildPhase;
			buildActionMask = 2147483647;
			files = (
				AB971A836870B5E68DF42458 /* Pods_CodeGeneratorForLanHu.framework in Frameworks */,
			);
			runOnlyForDeploymentPostprocessing = 0;
		};
/* End PBXFrameworksBuildPhase section */

/* Begin PBXGroup section */
		4B922C7230155A9BBC378829 /* Pods */ = {
			isa = PBXGroup;
			children = (
				0B2EAFD6F55548B0D70EE7D0 /* Pods-CodeGeneratorForLanHu.debug.xcconfig */,
				F0E70810C50EBF32D1F99E4C /* Pods-CodeGeneratorForLanHu.release.xcconfig */,
			);
			name = Pods;
			sourceTree = "<group>";
		};
		7F6CB1882299801C0044F90D = {
			isa = PBXGroup;
			children = (
				7F6CB1932299801C0044F90D /* CodeGeneratorForLanHu */,
				7F6CB1922299801C0044F90D /* Products */,
				4B922C7230155A9BBC378829 /* Pods */,
				C3B413B9CE77DE7308AF6631 /* Frameworks */,
			);
			sourceTree = "<group>";
		};
		7F6CB1922299801C0044F90D /* Products */ = {
			isa = PBXGroup;
			children = (
				7F6CB1912299801C0044F90D /* CodeGeneratorForLanHu.app */,
			);
			name = Products;
			sourceTree = "<group>";
		};
		7F6CB1932299801C0044F90D /* CodeGeneratorForLanHu */ = {
			isa = PBXGroup;
			children = (
				7F6CB1A62299BE3C0044F90D /* GRMustache */,
				7F6CB1942299801C0044F90D /* AppDelegate.swift */,
				7F6CB1962299801C0044F90D /* ViewController.swift */,
				7F6CB1982299801D0044F90D /* Assets.xcassets */,
				7F6CB19A2299801D0044F90D /* Main.storyboard */,
				7F6CB19D2299801D0044F90D /* Info.plist */,
				7F6CB19E2299801D0044F90D /* CodeGeneratorForLanHu.entitlements */,
				7F6CB1A42299B8E00044F90D /* GeneratedCodeViewController.swift */,
			);
			path = CodeGeneratorForLanHu;
			sourceTree = "<group>";
		};
		7F6CB1A62299BE3C0044F90D /* GRMustache */ = {
			isa = PBXGroup;
			children = (
				7F6CB1A72299BE3C0044F90D /* MustacheBox.swift */,
				7F6CB1A82299BE3C0044F90D /* StandardLibrary.swift */,
				7F6CB1A92299BE3C0044F90D /* SectionTag.swift */,
				7F6CB1AA2299BE3C0044F90D /* RenderingEngine.swift */,
				7F6CB1AB2299BE3C0044F90D /* Expression.swift */,
				7F6CB1AC2299BE3C0044F90D /* Fixit-1.1.0.swift */,
				7F6CB1AD2299BE3C0044F90D /* LocatedTag.swift */,
				7F6CB1AE2299BE3C0044F90D /* TemplateCompiler.swift */,
				7F6CB1AF2299BE3C0044F90D /* HTMLEscapeHelper.swift */,
				7F6CB1B02299BE3C0044F90D /* Logger.swift */,
				7F6CB1B12299BE3C0044F90D /* CoreFunctions.swift */,
				7F6CB1B22299BE3C0044F90D /* TemplateToken.swift */,
				7F6CB1B32299BE3C0044F90D /* TemplateParser.swift */,
				7F6CB1B42299BE3C0044F90D /* Common.swift */,
				7F6CB1B52299BE3C0044F90D /* ZipFilter.swift */,
				7F6CB1B62299BE3C0044F90D /* ExpressionInvocation.swift */,
				7F6CB1B72299BE3C0044F90D /* CoreGraphics.swift */,
				7F6CB1B82299BE3C0044F90D /* Template.swift */,
				7F6CB1B92299BE3C0044F90D /* Box.swift */,
				7F6CB1BA2299BE3C0044F90D /* SwiftStandardLibrary.swift */,
				7F6CB1BB2299BE3C0044F90D /* Context.swift */,
				7F6CB1BC2299BE3C0044F90D /* Foundation.swift */,
				7F6CB1BD2299BE3C0044F90D /* Localizer.swift */,
				7F6CB1BE2299BE3C0044F90D /* EachFilter.swift */,
				7F6CB1BF2299BE3C0044F90D /* URLEscapeHelper.swift */,
				7F6CB1C02299BE3C0044F90D /* TemplateASTNode.swift */,
				7F6CB1C12299BE3C0044F90D /* Formatter.swift */,
				7F6CB1C22299BE3C0044F90D /* ExpressionParser.swift */,
				7F6CB1C32299BE3C0044F90D /* VariableTag.swift */,
				7F6CB1C42299BE3C0044F90D /* ExpressionGenerator.swift */,
				7F6CB1C52299BE3C0044F90D /* Tag.swift */,
				7F6CB1C62299BE3C0044F90D /* TemplateGenerator.swift */,
				7F6CB1C72299BE3C0044F90D /* JavascriptEscapeHelper.swift */,
				7F6CB1C82299BE3C0044F90D /* TemplateAST.swift */,
				7F6CB1C92299BE3C0044F90D /* TemplateRepository.swift */,
				7F6CB1CA2299BE3C0044F90D /* Configuration.swift */,
			);
			path = GRMustache;
			sourceTree = "<group>";
		};
		C3B413B9CE77DE7308AF6631 /* Frameworks */ = {
			isa = PBXGroup;
			children = (
				F132D39FA35F147B6D12960F /* Pods_CodeGeneratorForLanHu.framework */,
			);
			name = Frameworks;
			sourceTree = "<group>";
		};
/* End PBXGroup section */

/* Begin PBXNativeTarget section */
		7F6CB1902299801C0044F90D /* CodeGeneratorForLanHu */ = {
			isa = PBXNativeTarget;
			buildConfigurationList = 7F6CB1A12299801D0044F90D /* Build configuration list for PBXNativeTarget "CodeGeneratorForLanHu" */;
			buildPhases = (
				0F0FEAD37D396267C90D9559 /* [CP] Check Pods Manifest.lock */,
				7F6CB18D2299801C0044F90D /* Sources */,
				7F6CB18E2299801C0044F90D /* Frameworks */,
				7F6CB18F2299801C0044F90D /* Resources */,
				F7C0AA979783638810F19797 /* [CP] Embed Pods Frameworks */,
			);
			buildRules = (
			);
			dependencies = (
			);
			name = CodeGeneratorForLanHu;
			productName = CodeGeneratorForLanHu;
			productReference = 7F6CB1912299801C0044F90D /* CodeGeneratorForLanHu.app */;
			productType = "com.apple.product-type.application";
		};
/* End PBXNativeTarget section */

/* Begin PBXProject section */
		7F6CB1892299801C0044F90D /* Project object */ = {
			isa = PBXProject;
			attributes = {
				LastSwiftUpdateCheck = 1020;
				LastUpgradeCheck = 1020;
				ORGANIZATIONNAME = "zhang hang";
				TargetAttributes = {
					7F6CB1902299801C0044F90D = {
						CreatedOnToolsVersion = 10.2;
						SystemCapabilities = {
							com.apple.Sandbox = {
								enabled = 1;
							};
						};
					};
				};
			};
			buildConfigurationList = 7F6CB18C2299801C0044F90D /* Build configuration list for PBXProject "CodeGeneratorForLanHu" */;
			compatibilityVersion = "Xcode 9.3";
			developmentRegion = en;
			hasScannedForEncodings = 0;
			knownRegions = (
				en,
				Base,
			);
			mainGroup = 7F6CB1882299801C0044F90D;
			productRefGroup = 7F6CB1922299801C0044F90D /* Products */;
			projectDirPath = "";
			projectRoot = "";
			targets = (
				7F6CB1902299801C0044F90D /* CodeGeneratorForLanHu */,
			);
		};
/* End PBXProject section */

/* Begin PBXResourcesBuildPhase section */
		7F6CB18F2299801C0044F90D /* Resources */ = {
			isa = PBXResourcesBuildPhase;
			buildActionMask = 2147483647;
			files = (
				7F6CB1992299801D0044F90D /* Assets.xcassets in Resources */,
				7F6CB19C2299801D0044F90D /* Main.storyboard in Resources */,
			);
			runOnlyForDeploymentPostprocessing = 0;
		};
/* End PBXResourcesBuildPhase section */

/* Begin PBXShellScriptBuildPhase section */
		0F0FEAD37D396267C90D9559 /* [CP] Check Pods Manifest.lock */ = {
			isa = PBXShellScriptBuildPhase;
			buildActionMask = 2147483647;
			files = (
			);
			inputPaths = (
				"${PODS_PODFILE_DIR_PATH}/Podfile.lock",
				"${PODS_ROOT}/Manifest.lock",
			);
			name = "[CP] Check Pods Manifest.lock";
			outputPaths = (
				"$(DERIVED_FILE_DIR)/Pods-CodeGeneratorForLanHu-checkManifestLockResult.txt",
			);
			runOnlyForDeploymentPostprocessing = 0;
			shellPath = /bin/sh;
			shellScript = "diff \"${PODS_PODFILE_DIR_PATH}/Podfile.lock\" \"${PODS_ROOT}/Manifest.lock\" > /dev/null\nif [ $? != 0 ] ; then\n    # print error to STDERR\n    echo \"error: The sandbox is not in sync with the Podfile.lock. Run 'pod install' or update your CocoaPods installation.\" >&2\n    exit 1\nfi\n# This output is used by Xcode 'outputs' to avoid re-running this script phase.\necho \"SUCCESS\" > \"${SCRIPT_OUTPUT_FILE_0}\"\n";
			showEnvVarsInLog = 0;
		};
		F7C0AA979783638810F19797 /* [CP] Embed Pods Frameworks */ = {
			isa = PBXShellScriptBuildPhase;
			buildActionMask = 2147483647;
			files = (
			);
			inputPaths = (
				"${SRCROOT}/Pods/Target Support Files/Pods-CodeGeneratorForLanHu/Pods-CodeGeneratorForLanHu-frameworks.sh",
				"${BUILT_PRODUCTS_DIR}/SwiftSoup/SwiftSoup.framework",
			);
			name = "[CP] Embed Pods Frameworks";
			outputPaths = (
				"${TARGET_BUILD_DIR}/${FRAMEWORKS_FOLDER_PATH}/SwiftSoup.framework",
			);
			runOnlyForDeploymentPostprocessing = 0;
			shellPath = /bin/sh;
			shellScript = "\"${SRCROOT}/Pods/Target Support Files/Pods-CodeGeneratorForLanHu/Pods-CodeGeneratorForLanHu-frameworks.sh\"\n";
			showEnvVarsInLog = 0;
		};
/* End PBXShellScriptBuildPhase section */

/* Begin PBXSourcesBuildPhase section */
		7F6CB18D2299801C0044F90D /* Sources */ = {
			isa = PBXSourcesBuildPhase;
			buildActionMask = 2147483647;
			files = (
				7F6CB1E92299BE3C0044F90D /* Tag.swift in Sources */,
				7F6CB1EC2299BE3C0044F90D /* TemplateAST.swift in Sources */,
				7F6CB1D82299BE3C0044F90D /* Common.swift in Sources */,
				7F6CB1CC2299BE3C0044F90D /* StandardLibrary.swift in Sources */,
				7F6CB1DA2299BE3C0044F90D /* ExpressionInvocation.swift in Sources */,
				7F6CB1972299801C0044F90D /* ViewController.swift in Sources */,
				7F6CB1E32299BE3C0044F90D /* URLEscapeHelper.swift in Sources */,
				7F6CB1952299801C0044F90D /* AppDelegate.swift in Sources */,
				7F6CB1DE2299BE3C0044F90D /* SwiftStandardLibrary.swift in Sources */,
				7F6CB1DD2299BE3C0044F90D /* Box.swift in Sources */,
				7F6CB1E82299BE3C0044F90D /* ExpressionGenerator.swift in Sources */,
				7F6CB1CF2299BE3C0044F90D /* Expression.swift in Sources */,
				7F6CB1A52299B8E00044F90D /* GeneratedCodeViewController.swift in Sources */,
				7F6CB1D12299BE3C0044F90D /* LocatedTag.swift in Sources */,
				7F6CB1CD2299BE3C0044F90D /* SectionTag.swift in Sources */,
				7F6CB1E52299BE3C0044F90D /* Formatter.swift in Sources */,
				7F6CB1D32299BE3C0044F90D /* HTMLEscapeHelper.swift in Sources */,
				7F6CB1E72299BE3C0044F90D /* VariableTag.swift in Sources */,
				7F6CB1D72299BE3C0044F90D /* TemplateParser.swift in Sources */,
				7F6CB1CE2299BE3C0044F90D /* RenderingEngine.swift in Sources */,
				7F6CB1DC2299BE3C0044F90D /* Template.swift in Sources */,
				7F6CB1D42299BE3C0044F90D /* Logger.swift in Sources */,
				7F6CB1D52299BE3C0044F90D /* CoreFunctions.swift in Sources */,
				7F6CB1D02299BE3C0044F90D /* Fixit-1.1.0.swift in Sources */,
				7F6CB1E42299BE3C0044F90D /* TemplateASTNode.swift in Sources */,
				7F6CB1EA2299BE3C0044F90D /* TemplateGenerator.swift in Sources */,
				7F6CB1E02299BE3C0044F90D /* Foundation.swift in Sources */,
				7F6CB1DB2299BE3C0044F90D /* CoreGraphics.swift in Sources */,
				7F6CB1EB2299BE3C0044F90D /* JavascriptEscapeHelper.swift in Sources */,
				7F6CB1E62299BE3C0044F90D /* ExpressionParser.swift in Sources */,
				7F6CB1CB2299BE3C0044F90D /* MustacheBox.swift in Sources */,
				7F6CB1D22299BE3C0044F90D /* TemplateCompiler.swift in Sources */,
				7F6CB1DF2299BE3C0044F90D /* Context.swift in Sources */,
				7F6CB1EE2299BE3C0044F90D /* Configuration.swift in Sources */,
				7F6CB1ED2299BE3C0044F90D /* TemplateRepository.swift in Sources */,
				7F6CB1D62299BE3C0044F90D /* TemplateToken.swift in Sources */,
				7F6CB1D92299BE3C0044F90D /* ZipFilter.swift in Sources */,
				7F6CB1E22299BE3C0044F90D /* EachFilter.swift in Sources */,
				7F6CB1E12299BE3C0044F90D /* Localizer.swift in Sources */,
			);
			runOnlyForDeploymentPostprocessing = 0;
		};
/* End PBXSourcesBuildPhase section */

/* Begin PBXVariantGroup section */
		7F6CB19A2299801D0044F90D /* Main.storyboard */ = {
			isa = PBXVariantGroup;
			children = (
				7F6CB19B2299801D0044F90D /* Base */,
			);
			name = Main.storyboard;
			sourceTree = "<group>";
		};
/* End PBXVariantGroup section */

/* Begin XCBuildConfiguration section */
		7F6CB19F2299801D0044F90D /* Debug */ = {
			isa = XCBuildConfiguration;
			buildSettings = {
				ALWAYS_SEARCH_USER_PATHS = NO;
				CLANG_ANALYZER_NONNULL = YES;
				CLANG_ANALYZER_NUMBER_OBJECT_CONVERSION = YES_AGGRESSIVE;
				CLANG_CXX_LANGUAGE_STANDARD = "gnu++14";
				CLANG_CXX_LIBRARY = "libc++";
				CLANG_ENABLE_MODULES = YES;
				CLANG_ENABLE_OBJC_ARC = YES;
				CLANG_ENABLE_OBJC_WEAK = YES;
				CLANG_WARN_BLOCK_CAPTURE_AUTORELEASING = YES;
				CLANG_WARN_BOOL_CONVERSION = YES;
				CLANG_WARN_COMMA = YES;
				CLANG_WARN_CONSTANT_CONVERSION = YES;
				CLANG_WARN_DEPRECATED_OBJC_IMPLEMENTATIONS = YES;
				CLANG_WARN_DIRECT_OBJC_ISA_USAGE = YES_ERROR;
				CLANG_WARN_DOCUMENTATION_COMMENTS = YES;
				CLANG_WARN_EMPTY_BODY = YES;
				CLANG_WARN_ENUM_CONVERSION = YES;
				CLANG_WARN_INFINITE_RECURSION = YES;
				CLANG_WARN_INT_CONVERSION = YES;
				CLANG_WARN_NON_LITERAL_NULL_CONVERSION = YES;
				CLANG_WARN_OBJC_IMPLICIT_RETAIN_SELF = YES;
				CLANG_WARN_OBJC_LITERAL_CONVERSION = YES;
				CLANG_WARN_OBJC_ROOT_CLASS = YES_ERROR;
				CLANG_WARN_RANGE_LOOP_ANALYSIS = YES;
				CLANG_WARN_STRICT_PROTOTYPES = YES;
				CLANG_WARN_SUSPICIOUS_MOVE = YES;
				CLANG_WARN_UNGUARDED_AVAILABILITY = YES_AGGRESSIVE;
				CLANG_WARN_UNREACHABLE_CODE = YES;
				CLANG_WARN__DUPLICATE_METHOD_MATCH = YES;
				CODE_SIGN_IDENTITY = "Mac Developer";
				COPY_PHASE_STRIP = NO;
				DEBUG_INFORMATION_FORMAT = dwarf;
				ENABLE_STRICT_OBJC_MSGSEND = YES;
				ENABLE_TESTABILITY = YES;
				GCC_C_LANGUAGE_STANDARD = gnu11;
				GCC_DYNAMIC_NO_PIC = NO;
				GCC_NO_COMMON_BLOCKS = YES;
				GCC_OPTIMIZATION_LEVEL = 0;
				GCC_PREPROCESSOR_DEFINITIONS = (
					"DEBUG=1",
					"$(inherited)",
				);
				GCC_WARN_64_TO_32_BIT_CONVERSION = YES;
				GCC_WARN_ABOUT_RETURN_TYPE = YES_ERROR;
				GCC_WARN_UNDECLARED_SELECTOR = YES;
				GCC_WARN_UNINITIALIZED_AUTOS = YES_AGGRESSIVE;
				GCC_WARN_UNUSED_FUNCTION = YES;
				GCC_WARN_UNUSED_VARIABLE = YES;
				MACOSX_DEPLOYMENT_TARGET = 10.14;
				MTL_ENABLE_DEBUG_INFO = INCLUDE_SOURCE;
				MTL_FAST_MATH = YES;
				ONLY_ACTIVE_ARCH = YES;
				SDKROOT = macosx;
				SWIFT_ACTIVE_COMPILATION_CONDITIONS = DEBUG;
				SWIFT_OPTIMIZATION_LEVEL = "-Onone";
			};
			name = Debug;
		};
		7F6CB1A02299801D0044F90D /* Release */ = {
			isa = XCBuildConfiguration;
			buildSettings = {
				ALWAYS_SEARCH_USER_PATHS = NO;
				CLANG_ANALYZER_NONNULL = YES;
				CLANG_ANALYZER_NUMBER_OBJECT_CONVERSION = YES_AGGRESSIVE;
				CLANG_CXX_LANGUAGE_STANDARD = "gnu++14";
				CLANG_CXX_LIBRARY = "libc++";
				CLANG_ENABLE_MODULES = YES;
				CLANG_ENABLE_OBJC_ARC = YES;
				CLANG_ENABLE_OBJC_WEAK = YES;
				CLANG_WARN_BLOCK_CAPTURE_AUTORELEASING = YES;
				CLANG_WARN_BOOL_CONVERSION = YES;
				CLANG_WARN_COMMA = YES;
				CLANG_WARN_CONSTANT_CONVERSION = YES;
				CLANG_WARN_DEPRECATED_OBJC_IMPLEMENTATIONS = YES;
				CLANG_WARN_DIRECT_OBJC_ISA_USAGE = YES_ERROR;
				CLANG_WARN_DOCUMENTATION_COMMENTS = YES;
				CLANG_WARN_EMPTY_BODY = YES;
				CLANG_WARN_ENUM_CONVERSION = YES;
				CLANG_WARN_INFINITE_RECURSION = YES;
				CLANG_WARN_INT_CONVERSION = YES;
				CLANG_WARN_NON_LITERAL_NULL_CONVERSION = YES;
				CLANG_WARN_OBJC_IMPLICIT_RETAIN_SELF = YES;
				CLANG_WARN_OBJC_LITERAL_CONVERSION = YES;
				CLANG_WARN_OBJC_ROOT_CLASS = YES_ERROR;
				CLANG_WARN_RANGE_LOOP_ANALYSIS = YES;
				CLANG_WARN_STRICT_PROTOTYPES = YES;
				CLANG_WARN_SUSPICIOUS_MOVE = YES;
				CLANG_WARN_UNGUARDED_AVAILABILITY = YES_AGGRESSIVE;
				CLANG_WARN_UNREACHABLE_CODE = YES;
				CLANG_WARN__DUPLICATE_METHOD_MATCH = YES;
				CODE_SIGN_IDENTITY = "Mac Developer";
				COPY_PHASE_STRIP = NO;
				DEBUG_INFORMATION_FORMAT = "dwarf-with-dsym";
				ENABLE_NS_ASSERTIONS = NO;
				ENABLE_STRICT_OBJC_MSGSEND = YES;
				GCC_C_LANGUAGE_STANDARD = gnu11;
				GCC_NO_COMMON_BLOCKS = YES;
				GCC_WARN_64_TO_32_BIT_CONVERSION = YES;
				GCC_WARN_ABOUT_RETURN_TYPE = YES_ERROR;
				GCC_WARN_UNDECLARED_SELECTOR = YES;
				GCC_WARN_UNINITIALIZED_AUTOS = YES_AGGRESSIVE;
				GCC_WARN_UNUSED_FUNCTION = YES;
				GCC_WARN_UNUSED_VARIABLE = YES;
				MACOSX_DEPLOYMENT_TARGET = 10.14;
				MTL_ENABLE_DEBUG_INFO = NO;
				MTL_FAST_MATH = YES;
				SDKROOT = macosx;
				SWIFT_COMPILATION_MODE = wholemodule;
				SWIFT_OPTIMIZATION_LEVEL = "-O";
			};
			name = Release;
		};
		7F6CB1A22299801D0044F90D /* Debug */ = {
			isa = XCBuildConfiguration;
			baseConfigurationReference = 0B2EAFD6F55548B0D70EE7D0 /* Pods-CodeGeneratorForLanHu.debug.xcconfig */;
			buildSettings = {
				ASSETCATALOG_COMPILER_APPICON_NAME = AppIcon;
				CODE_SIGN_ENTITLEMENTS = CodeGeneratorForLanHu/CodeGeneratorForLanHu.entitlements;
				CODE_SIGN_STYLE = Automatic;
				COMBINE_HIDPI_IMAGES = YES;
				DEVELOPMENT_TEAM = 9RWES6K38C;
				INFOPLIST_FILE = CodeGeneratorForLanHu/Info.plist;
				LD_RUNPATH_SEARCH_PATHS = (
					"$(inherited)",
					"@executable_path/../Frameworks",
				);
				PRODUCT_BUNDLE_IDENTIFIER = com.globalegrow.CodeGeneratorForLanHu;
				PRODUCT_NAME = "$(TARGET_NAME)";
				SWIFT_VERSION = 5.0;
			};
			name = Debug;
		};
		7F6CB1A32299801D0044F90D /* Release */ = {
			isa = XCBuildConfiguration;
			baseConfigurationReference = F0E70810C50EBF32D1F99E4C /* Pods-CodeGeneratorForLanHu.release.xcconfig */;
			buildSettings = {
				ASSETCATALOG_COMPILER_APPICON_NAME = AppIcon;
				CODE_SIGN_ENTITLEMENTS = CodeGeneratorForLanHu/CodeGeneratorForLanHu.entitlements;
				CODE_SIGN_STYLE = Automatic;
				COMBINE_HIDPI_IMAGES = YES;
				DEVELOPMENT_TEAM = 9RWES6K38C;
				INFOPLIST_FILE = CodeGeneratorForLanHu/Info.plist;
				LD_RUNPATH_SEARCH_PATHS = (
					"$(inherited)",
					"@executable_path/../Frameworks",
				);
				PRODUCT_BUNDLE_IDENTIFIER = com.globalegrow.CodeGeneratorForLanHu;
				PRODUCT_NAME = "$(TARGET_NAME)";
				SWIFT_VERSION = 5.0;
			};
			name = Release;
		};
/* End XCBuildConfiguration section */

/* Begin XCConfigurationList section */
		7F6CB18C2299801C0044F90D /* Build configuration list for PBXProject "CodeGeneratorForLanHu" */ = {
			isa = XCConfigurationList;
			buildConfigurations = (
				7F6CB19F2299801D0044F90D /* Debug */,
				7F6CB1A02299801D0044F90D /* Release */,
			);
			defaultConfigurationIsVisible = 0;
			defaultConfigurationName = Release;
		};
		7F6CB1A12299801D0044F90D /* Build configuration list for PBXNativeTarget "CodeGeneratorForLanHu" */ = {
			isa = XCConfigurationList;
			buildConfigurations = (
				7F6CB1A22299801D0044F90D /* Debug */,
				7F6CB1A32299801D0044F90D /* Release */,
			);
			defaultConfigurationIsVisible = 0;
			defaultConfigurationName = Release;
		};
/* End XCConfigurationList section */
	};
	rootObject = 7F6CB1892299801C0044F90D /* Project object */;
}
